
Microsoft Visual Studio Solution File, Format Version 12.00
# Visual Studio Version 17
VisualStudioVersion = 17.2.32602.215
MinimumVisualStudioVersion = 10.0.40219.1
Project("{FAE04EC0-301F-11D3-BF4B-00C04F79EFBC}") = "SearchBomb", "SearchBomb\SearchBomb.csproj", "{5D4CB3F3-0DE2-40E8-8688-6D8CC8E490F1}"
EndProject
Project("{9A19103F-16F7-4668-BE54-9A1E7A4F7556}") = "NameSwap", "..\NameSwap\NameSwap\NameSwap.csproj", "{AC412F70-3904-4F66-9579-C08DD2EC3E0F}"
EndProject
Global
	GlobalSection(SolutionConfigurationPlatforms) = preSolution
		Debug|Any CPU = Debug|Any CPU
		Release|Any CPU = Release|Any CPU
	EndGlobalSection
	GlobalSection(ProjectConfigurationPlatforms) = postSolution
		{5D4CB3F3-0DE2-40E8-8688-6D8CC8E490F1}.Debug|Any CPU.ActiveCfg = Debug|Any CPU
		{5D4CB3F3-0DE2-40E8-8688-6D8CC8E490F1}.Debug|Any CPU.Build.0 = Debug|Any CPU
		{5D4CB3F3-0DE2-40E8-8688-6D8CC8E490F1}.Release|Any CPU.ActiveCfg = Release|Any CPU
		{5D4CB3F3-0DE2-40E8-8688-6D8CC8E490F1}.Release|Any CPU.Build.0 = Release|Any CPU
		{AC412F70-3904-4F66-9579-C08DD2EC3E0F}.Debug|Any CPU.ActiveCfg = Debug|Any CPU
		{AC412F70-3904-4F66-9579-C08DD2EC3E0F}.Debug|Any CPU.Build.0 = Debug|Any CPU
		{AC412F70-3904-4F66-9579-C08DD2EC3E0F}.Release|Any CPU.ActiveCfg = Release|Any CPU
		{AC412F70-3904-4F66-9579-C08DD2EC3E0F}.Release|Any CPU.Build.0 = Release|Any CPU
	EndGlobalSection
	GlobalSection(SolutionProperties) = preSolution
		HideSolutionNode = FALSE
	EndGlobalSection
	GlobalSection(ExtensibilityGlobals) = postSolution
		SolutionGuid = {3C8D9229-7F67-4158-9EF2-CE043E68F6E9}
	EndGlobalSection
EndGlobal
